
Microsoft Visual Studio Solution File, Format Version 12.00
# Visual Studio Version 16
VisualStudioVersion = 16.0.31112.23
MinimumVisualStudioVersion = 10.0.40219.1
Project("{FAE04EC0-301F-11D3-BF4B-00C04F79EFBC}") = "proyecto.Android", "proyecto\proyecto.Android\proyecto.Android.csproj", "{01EB7FC1-A91E-4B53-BC6D-70259CE7CB75}"
EndProject
Project("{FAE04EC0-301F-11D3-BF4B-00C04F79EFBC}") = "proyecto.iOS", "proyecto\proyecto.iOS\proyecto.iOS.csproj", "{61010DD7-F28C-401A-8881-C55B81937AC4}"
EndProject
Project("{FAE04EC0-301F-11D3-BF4B-00C04F79EFBC}") = "proyecto", "proyecto\proyecto\proyecto.csproj", "{AD09AB85-16DB-42C3-89B4-E3D551666B93}"
EndProject
Global
	GlobalSection(SolutionConfigurationPlatforms) = preSolution
		Debug|Any CPU = Debug|Any CPU
		Debug|iPhone = Debug|iPhone
		Debug|iPhoneSimulator = Debug|iPhoneSimulator
		Release|Any CPU = Release|Any CPU
		Release|iPhone = Release|iPhone
		Release|iPhoneSimulator = Release|iPhoneSimulator
	EndGlobalSection
	GlobalSection(ProjectConfigurationPlatforms) = postSolution
		{01EB7FC1-A91E-4B53-BC6D-70259CE7CB75}.Debug|Any CPU.ActiveCfg = Debug|Any CPU
		{01EB7FC1-A91E-4B53-BC6D-70259CE7CB75}.Debug|Any CPU.Build.0 = Debug|Any CPU
		{01EB7FC1-A91E-4B53-BC6D-70259CE7CB75}.Debug|Any CPU.Deploy.0 = Debug|Any CPU
		{01EB7FC1-A91E-4B53-BC6D-70259CE7CB75}.Debug|iPhone.ActiveCfg = Debug|Any CPU
		{01EB7FC1-A91E-4B53-BC6D-70259CE7CB75}.Debug|iPhone.Build.0 = Debug|Any CPU
		{01EB7FC1-A91E-4B53-BC6D-70259CE7CB75}.Debug|iPhone.Deploy.0 = Debug|Any CPU
		{01EB7FC1-A91E-4B53-BC6D-70259CE7CB75}.Debug|iPhoneSimulator.ActiveCfg = Debug|Any CPU
		{01EB7FC1-A91E-4B53-BC6D-70259CE7CB75}.Debug|iPhoneSimulator.Build.0 = Debug|Any CPU
		{01EB7FC1-A91E-4B53-BC6D-70259CE7CB75}.Debug|iPhoneSimulator.Deploy.0 = Debug|Any CPU
		{01EB7FC1-A91E-4B53-BC6D-70259CE7CB75}.Release|Any CPU.ActiveCfg = Release|Any CPU
		{01EB7FC1-A91E-4B53-BC6D-70259CE7CB75}.Release|Any CPU.Build.0 = Release|Any CPU
		{01EB7FC1-A91E-4B53-BC6D-70259CE7CB75}.Release|Any CPU.Deploy.0 = Release|Any CPU
		{01EB7FC1-A91E-4B53-BC6D-70259CE7CB75}.Release|iPhone.ActiveCfg = Release|Any CPU
		{01EB7FC1-A91E-4B53-BC6D-70259CE7CB75}.Release|iPhone.Build.0 = Release|Any CPU
		{01EB7FC1-A91E-4B53-BC6D-70259CE7CB75}.Release|iPhone.Deploy.0 = Release|Any CPU
		{01EB7FC1-A91E-4B53-BC6D-70259CE7CB75}.Release|iPhoneSimulator.ActiveCfg = Release|Any CPU
		{01EB7FC1-A91E-4B53-BC6D-70259CE7CB75}.Release|iPhoneSimulator.Build.0 = Release|Any CPU
		{01EB7FC1-A91E-4B53-BC6D-70259CE7CB75}.Release|iPhoneSimulator.Deploy.0 = Release|Any CPU
		{61010DD7-F28C-401A-8881-C55B81937AC4}.Debug|Any CPU.ActiveCfg = Debug|iPhone
		{61010DD7-F28C-401A-8881-C55B81937AC4}.Debug|Any CPU.Build.0 = Debug|iPhone
		{61010DD7-F28C-401A-8881-C55B81937AC4}.Debug|Any CPU.Deploy.0 = Debug|iPhone
		{61010DD7-F28C-401A-8881-C55B81937AC4}.Debug|iPhone.ActiveCfg = Debug|iPhone
		{61010DD7-F28C-401A-8881-C55B81937AC4}.Debug|iPhone.Build.0 = Debug|iPhone
		{61010DD7-F28C-401A-8881-C55B81937AC4}.Debug|iPhone.Deploy.0 = Debug|iPhone
		{61010DD7-F28C-401A-8881-C55B81937AC4}.Debug|iPhoneSimulator.ActiveCfg = Debug|iPhoneSimulator
		{61010DD7-F28C-401A-8881-C55B81937AC4}.Debug|iPhoneSimulator.Build.0 = Debug|iPhoneSimulator
		{61010DD7-F28C-401A-8881-C55B81937AC4}.Debug|iPhoneSimulator.Deploy.0 = Debug|iPhoneSimulator
		{61010DD7-F28C-401A-8881-C55B81937AC4}.Release|Any CPU.ActiveCfg = Release|iPhoneSimulator
		{61010DD7-F28C-401A-8881-C55B81937AC4}.Release|Any CPU.Build.0 = Release|iPhoneSimulator
		{61010DD7-F28C-401A-8881-C55B81937AC4}.Release|Any CPU.Deploy.0 = Release|iPhoneSimulator
		{61010DD7-F28C-401A-8881-C55B81937AC4}.Release|iPhone.ActiveCfg = Release|iPhone
		{61010DD7-F28C-401A-8881-C55B81937AC4}.Release|iPhone.Build.0 = Release|iPhone
		{61010DD7-F28C-401A-8881-C55B81937AC4}.Release|iPhone.Deploy.0 = Release|iPhone
		{61010DD7-F28C-401A-8881-C55B81937AC4}.Release|iPhoneSimulator.ActiveCfg = Release|iPhoneSimulator
		{61010DD7-F28C-401A-8881-C55B81937AC4}.Release|iPhoneSimulator.Build.0 = Release|iPhoneSimulator
		{61010DD7-F28C-401A-8881-C55B81937AC4}.Release|iPhoneSimulator.Deploy.0 = Release|iPhoneSimulator
		{AD09AB85-16DB-42C3-89B4-E3D551666B93}.Debug|Any CPU.ActiveCfg = Debug|Any CPU
		{AD09AB85-16DB-42C3-89B4-E3D551666B93}.Debug|Any CPU.Build.0 = Debug|Any CPU
		{AD09AB85-16DB-42C3-89B4-E3D551666B93}.Debug|Any CPU.Deploy.0 = Debug|Any CPU
		{AD09AB85-16DB-42C3-89B4-E3D551666B93}.Debug|iPhone.ActiveCfg = Debug|Any CPU
		{AD09AB85-16DB-42C3-89B4-E3D551666B93}.Debug|iPhone.Build.0 = Debug|Any CPU
		{AD09AB85-16DB-42C3-89B4-E3D551666B93}.Debug|iPhone.Deploy.0 = Debug|Any CPU
		{AD09AB85-16DB-42C3-89B4-E3D551666B93}.Debug|iPhoneSimulator.ActiveCfg = Debug|Any CPU
		{AD09AB85-16DB-42C3-89B4-E3D551666B93}.Debug|iPhoneSimulator.Build.0 = Debug|Any CPU
		{AD09AB85-16DB-42C3-89B4-E3D551666B93}.Debug|iPhoneSimulator.Deploy.0 = Debug|Any CPU
		{AD09AB85-16DB-42C3-89B4-E3D551666B93}.Release|Any CPU.ActiveCfg = Release|Any CPU
		{AD09AB85-16DB-42C3-89B4-E3D551666B93}.Release|Any CPU.Build.0 = Release|Any CPU
		{AD09AB85-16DB-42C3-89B4-E3D551666B93}.Release|Any CPU.Deploy.0 = Release|Any CPU
		{AD09AB85-16DB-42C3-89B4-E3D551666B93}.Release|iPhone.ActiveCfg = Release|Any CPU
		{AD09AB85-16DB-42C3-89B4-E3D551666B93}.Release|iPhone.Build.0 = Release|Any CPU
		{AD09AB85-16DB-42C3-89B4-E3D551666B93}.Release|iPhone.Deploy.0 = Release|Any CPU
		{AD09AB85-16DB-42C3-89B4-E3D551666B93}.Release|iPhoneSimulator.ActiveCfg = Release|Any CPU
		{AD09AB85-16DB-42C3-89B4-E3D551666B93}.Release|iPhoneSimulator.Build.0 = Release|Any CPU
		{AD09AB85-16DB-42C3-89B4-E3D551666B93}.Release|iPhoneSimulator.Deploy.0 = Release|Any CPU
	EndGlobalSection
	GlobalSection(SolutionProperties) = preSolution
		HideSolutionNode = FALSE
	EndGlobalSection
	GlobalSection(ExtensibilityGlobals) = postSolution
		SolutionGuid = {C5013113-E337-4D64-AAC5-23B74F785C74}
	EndGlobalSection
EndGlobal
